
Microsoft Visual Studio Solution File, Format Version 12.00
# Visual Studio Version 17
VisualStudioVersion = 17.1.32328.378
MinimumVisualStudioVersion = 10.0.40219.1
Project("{8BC9CEB8-8B4A-11D0-8D11-00A0C91BC942}") = "OOP_W1", "OOP_W1.vcxproj", "{9242607D-315F-4E32-9F01-3EAB755E9430}"
EndProject
Global
	GlobalSection(SolutionConfigurationPlatforms) = preSolution
		Debug|x64 = Debug|x64
		Debug|x86 = Debug|x86
		Release|x64 = Release|x64
		Release|x86 = Release|x86
	EndGlobalSection
	GlobalSection(ProjectConfigurationPlatforms) = postSolution
		{9242607D-315F-4E32-9F01-3EAB755E9430}.Debug|x64.ActiveCfg = Debug|x64
		{9242607D-315F-4E32-9F01-3EAB755E9430}.Debug|x64.Build.0 = Debug|x64
		{9242607D-315F-4E32-9F01-3EAB755E9430}.Debug|x86.ActiveCfg = Debug|Win32
		{9242607D-315F-4E32-9F01-3EAB755E9430}.Debug|x86.Build.0 = Debug|Win32
		{9242607D-315F-4E32-9F01-3EAB755E9430}.Release|x64.ActiveCfg = Release|x64
		{9242607D-315F-4E32-9F01-3EAB755E9430}.Release|x64.Build.0 = Release|x64
		{9242607D-315F-4E32-9F01-3EAB755E9430}.Release|x86.ActiveCfg = Release|Win32
		{9242607D-315F-4E32-9F01-3EAB755E9430}.Release|x86.Build.0 = Release|Win32
	EndGlobalSection
	GlobalSection(SolutionProperties) = preSolution
		HideSolutionNode = FALSE
	EndGlobalSection
	GlobalSection(ExtensibilityGlobals) = postSolution
		SolutionGuid = {06A9D360-AF14-410A-8654-A068371806EB}
	EndGlobalSection
EndGlobal
